
Microsoft Visual Studio Solution File, Format Version 12.00
# Visual Studio Version 17
VisualStudioVersion = 17.2.32616.157
MinimumVisualStudioVersion = 10.0.40219.1
Project("{9A19103F-16F7-4668-BE54-9A1E7A4F7556}") = "Task№1_Week1_Gavrilova", "Task№1_Week1_Gavrilova\Task№1_Week1_Gavrilova.csproj", "{79C8FC0B-5C34-4958-B649-51DFCD3D6567}"
EndProject
Project("{FAE04EC0-301F-11D3-BF4B-00C04F79EFBC}") = "Сhessboard_Drawing", "Сhessboard_Drawing\Сhessboard_Drawing.csproj", "{4D4B0CAE-98E1-4C7E-832A-FF64C5B13C7B}"
EndProject
Global
	GlobalSection(SolutionConfigurationPlatforms) = preSolution
		Debug|Any CPU = Debug|Any CPU
		Release|Any CPU = Release|Any CPU
	EndGlobalSection
	GlobalSection(ProjectConfigurationPlatforms) = postSolution
		{79C8FC0B-5C34-4958-B649-51DFCD3D6567}.Debug|Any CPU.ActiveCfg = Debug|Any CPU
		{79C8FC0B-5C34-4958-B649-51DFCD3D6567}.Debug|Any CPU.Build.0 = Debug|Any CPU
		{79C8FC0B-5C34-4958-B649-51DFCD3D6567}.Release|Any CPU.ActiveCfg = Release|Any CPU
		{79C8FC0B-5C34-4958-B649-51DFCD3D6567}.Release|Any CPU.Build.0 = Release|Any CPU
		{4D4B0CAE-98E1-4C7E-832A-FF64C5B13C7B}.Debug|Any CPU.ActiveCfg = Debug|Any CPU
		{4D4B0CAE-98E1-4C7E-832A-FF64C5B13C7B}.Debug|Any CPU.Build.0 = Debug|Any CPU
		{4D4B0CAE-98E1-4C7E-832A-FF64C5B13C7B}.Release|Any CPU.ActiveCfg = Release|Any CPU
		{4D4B0CAE-98E1-4C7E-832A-FF64C5B13C7B}.Release|Any CPU.Build.0 = Release|Any CPU
	EndGlobalSection
	GlobalSection(SolutionProperties) = preSolution
		HideSolutionNode = FALSE
	EndGlobalSection
	GlobalSection(ExtensibilityGlobals) = postSolution
		SolutionGuid = {B377E006-E5FD-4DB6-BCB6-892E6F6768E0}
	EndGlobalSection
EndGlobal
